
Microsoft Visual Studio Solution File, Format Version 12.00
# Visual Studio Version 17
VisualStudioVersion = 17.0.31903.59
MinimumVisualStudioVersion = 10.0.40219.1
Project("{FAE04EC0-301F-11D3-BF4B-00C04F79EFBC}") = "PPSRegister.AppHost", "PPSRegister.AppHost\PPSRegister.AppHost.csproj", "{5F9FAC95-20B6-45F9-BA25-C662DE04E292}"
EndProject
Project("{FAE04EC0-301F-11D3-BF4B-00C04F79EFBC}") = "PPSRegister.PPSUploader", "PPSRegister.PPSUploader\PPSRegister.PPSUploader.csproj", "{C71F4693-6868-4CC8-9E01-E6E9CADC9B44}"
EndProject
Project("{FAE04EC0-301F-11D3-BF4B-00C04F79EFBC}") = "PPSRegister.Api", "PPSRegister.Api\PPSRegister.Api.csproj", "{A0B6A2F2-B284-4434-BCFC-9789DEFAC1EB}"
EndProject
Project("{FAE04EC0-301F-11D3-BF4B-00C04F79EFBC}") = "PPSRegister.Data", "PPSRegister.Data\PPSRegister.Data.csproj", "{C9475246-11E6-4765-981E-CF5811956A0C}"
EndProject
Project("{FAE04EC0-301F-11D3-BF4B-00C04F79EFBC}") = "PPSRegister.ServiceDefaults", "PPSRegister.ServiceDefaults\PPSRegister.ServiceDefaults.csproj", "{A1988D4E-E6A2-4306-83BC-88D603913B76}"
EndProject
Project("{FAE04EC0-301F-11D3-BF4B-00C04F79EFBC}") = "PPSRegister.Tests", "PPSRegister.Tests\PPSRegister.Tests.csproj", "{6FEAE247-B4EB-4EF8-BBB3-AC471A201761}"
EndProject
Global
	GlobalSection(SolutionConfigurationPlatforms) = preSolution
		Debug|Any CPU = Debug|Any CPU
		Debug|x64 = Debug|x64
		Debug|x86 = Debug|x86
		Release|Any CPU = Release|Any CPU
		Release|x64 = Release|x64
		Release|x86 = Release|x86
	EndGlobalSection
	GlobalSection(ProjectConfigurationPlatforms) = postSolution
		{5F9FAC95-20B6-45F9-BA25-C662DE04E292}.Debug|Any CPU.ActiveCfg = Debug|Any CPU
		{5F9FAC95-20B6-45F9-BA25-C662DE04E292}.Debug|Any CPU.Build.0 = Debug|Any CPU
		{5F9FAC95-20B6-45F9-BA25-C662DE04E292}.Debug|x64.ActiveCfg = Debug|Any CPU
		{5F9FAC95-20B6-45F9-BA25-C662DE04E292}.Debug|x64.Build.0 = Debug|Any CPU
		{5F9FAC95-20B6-45F9-BA25-C662DE04E292}.Debug|x86.ActiveCfg = Debug|Any CPU
		{5F9FAC95-20B6-45F9-BA25-C662DE04E292}.Debug|x86.Build.0 = Debug|Any CPU
		{5F9FAC95-20B6-45F9-BA25-C662DE04E292}.Release|Any CPU.ActiveCfg = Release|Any CPU
		{5F9FAC95-20B6-45F9-BA25-C662DE04E292}.Release|Any CPU.Build.0 = Release|Any CPU
		{5F9FAC95-20B6-45F9-BA25-C662DE04E292}.Release|x64.ActiveCfg = Release|Any CPU
		{5F9FAC95-20B6-45F9-BA25-C662DE04E292}.Release|x64.Build.0 = Release|Any CPU
		{5F9FAC95-20B6-45F9-BA25-C662DE04E292}.Release|x86.ActiveCfg = Release|Any CPU
		{5F9FAC95-20B6-45F9-BA25-C662DE04E292}.Release|x86.Build.0 = Release|Any CPU
		{C71F4693-6868-4CC8-9E01-E6E9CADC9B44}.Debug|Any CPU.ActiveCfg = Debug|Any CPU
		{C71F4693-6868-4CC8-9E01-E6E9CADC9B44}.Debug|Any CPU.Build.0 = Debug|Any CPU
		{C71F4693-6868-4CC8-9E01-E6E9CADC9B44}.Debug|x64.ActiveCfg = Debug|Any CPU
		{C71F4693-6868-4CC8-9E01-E6E9CADC9B44}.Debug|x64.Build.0 = Debug|Any CPU
		{C71F4693-6868-4CC8-9E01-E6E9CADC9B44}.Debug|x86.ActiveCfg = Debug|Any CPU
		{C71F4693-6868-4CC8-9E01-E6E9CADC9B44}.Debug|x86.Build.0 = Debug|Any CPU
		{C71F4693-6868-4CC8-9E01-E6E9CADC9B44}.Release|Any CPU.ActiveCfg = Release|Any CPU
		{C71F4693-6868-4CC8-9E01-E6E9CADC9B44}.Release|Any CPU.Build.0 = Release|Any CPU
		{C71F4693-6868-4CC8-9E01-E6E9CADC9B44}.Release|x64.ActiveCfg = Release|Any CPU
		{C71F4693-6868-4CC8-9E01-E6E9CADC9B44}.Release|x64.Build.0 = Release|Any CPU
		{C71F4693-6868-4CC8-9E01-E6E9CADC9B44}.Release|x86.ActiveCfg = Release|Any CPU
		{C71F4693-6868-4CC8-9E01-E6E9CADC9B44}.Release|x86.Build.0 = Release|Any CPU
		{A0B6A2F2-B284-4434-BCFC-9789DEFAC1EB}.Debug|Any CPU.ActiveCfg = Debug|Any CPU
		{A0B6A2F2-B284-4434-BCFC-9789DEFAC1EB}.Debug|Any CPU.Build.0 = Debug|Any CPU
		{A0B6A2F2-B284-4434-BCFC-9789DEFAC1EB}.Debug|x64.ActiveCfg = Debug|Any CPU
		{A0B6A2F2-B284-4434-BCFC-9789DEFAC1EB}.Debug|x64.Build.0 = Debug|Any CPU
		{A0B6A2F2-B284-4434-BCFC-9789DEFAC1EB}.Debug|x86.ActiveCfg = Debug|Any CPU
		{A0B6A2F2-B284-4434-BCFC-9789DEFAC1EB}.Debug|x86.Build.0 = Debug|Any CPU
		{A0B6A2F2-B284-4434-BCFC-9789DEFAC1EB}.Release|Any CPU.ActiveCfg = Release|Any CPU
		{A0B6A2F2-B284-4434-BCFC-9789DEFAC1EB}.Release|Any CPU.Build.0 = Release|Any CPU
		{A0B6A2F2-B284-4434-BCFC-9789DEFAC1EB}.Release|x64.ActiveCfg = Release|Any CPU
		{A0B6A2F2-B284-4434-BCFC-9789DEFAC1EB}.Release|x64.Build.0 = Release|Any CPU
		{A0B6A2F2-B284-4434-BCFC-9789DEFAC1EB}.Release|x86.ActiveCfg = Release|Any CPU
		{A0B6A2F2-B284-4434-BCFC-9789DEFAC1EB}.Release|x86.Build.0 = Release|Any CPU
		{C9475246-11E6-4765-981E-CF5811956A0C}.Debug|Any CPU.ActiveCfg = Debug|Any CPU
		{C9475246-11E6-4765-981E-CF5811956A0C}.Debug|Any CPU.Build.0 = Debug|Any CPU
		{C9475246-11E6-4765-981E-CF5811956A0C}.Debug|x64.ActiveCfg = Debug|Any CPU
		{C9475246-11E6-4765-981E-CF5811956A0C}.Debug|x64.Build.0 = Debug|Any CPU
		{C9475246-11E6-4765-981E-CF5811956A0C}.Debug|x86.ActiveCfg = Debug|Any CPU
		{C9475246-11E6-4765-981E-CF5811956A0C}.Debug|x86.Build.0 = Debug|Any CPU
		{C9475246-11E6-4765-981E-CF5811956A0C}.Release|Any CPU.ActiveCfg = Release|Any CPU
		{C9475246-11E6-4765-981E-CF5811956A0C}.Release|Any CPU.Build.0 = Release|Any CPU
		{C9475246-11E6-4765-981E-CF5811956A0C}.Release|x64.ActiveCfg = Release|Any CPU
		{C9475246-11E6-4765-981E-CF5811956A0C}.Release|x64.Build.0 = Release|Any CPU
		{C9475246-11E6-4765-981E-CF5811956A0C}.Release|x86.ActiveCfg = Release|Any CPU
		{C9475246-11E6-4765-981E-CF5811956A0C}.Release|x86.Build.0 = Release|Any CPU
		{A1988D4E-E6A2-4306-83BC-88D603913B76}.Debug|Any CPU.ActiveCfg = Debug|Any CPU
		{A1988D4E-E6A2-4306-83BC-88D603913B76}.Debug|Any CPU.Build.0 = Debug|Any CPU
		{A1988D4E-E6A2-4306-83BC-88D603913B76}.Debug|x64.ActiveCfg = Debug|Any CPU
		{A1988D4E-E6A2-4306-83BC-88D603913B76}.Debug|x64.Build.0 = Debug|Any CPU
		{A1988D4E-E6A2-4306-83BC-88D603913B76}.Debug|x86.ActiveCfg = Debug|Any CPU
		{A1988D4E-E6A2-4306-83BC-88D603913B76}.Debug|x86.Build.0 = Debug|Any CPU
		{A1988D4E-E6A2-4306-83BC-88D603913B76}.Release|Any CPU.ActiveCfg = Release|Any CPU
		{A1988D4E-E6A2-4306-83BC-88D603913B76}.Release|Any CPU.Build.0 = Release|Any CPU
		{A1988D4E-E6A2-4306-83BC-88D603913B76}.Release|x64.ActiveCfg = Release|Any CPU
		{A1988D4E-E6A2-4306-83BC-88D603913B76}.Release|x64.Build.0 = Release|Any CPU
		{A1988D4E-E6A2-4306-83BC-88D603913B76}.Release|x86.ActiveCfg = Release|Any CPU
		{A1988D4E-E6A2-4306-83BC-88D603913B76}.Release|x86.Build.0 = Release|Any CPU
		{6FEAE247-B4EB-4EF8-BBB3-AC471A201761}.Debug|Any CPU.ActiveCfg = Debug|Any CPU
		{6FEAE247-B4EB-4EF8-BBB3-AC471A201761}.Debug|Any CPU.Build.0 = Debug|Any CPU
		{6FEAE247-B4EB-4EF8-BBB3-AC471A201761}.Debug|x64.ActiveCfg = Debug|Any CPU
		{6FEAE247-B4EB-4EF8-BBB3-AC471A201761}.Debug|x64.Build.0 = Debug|Any CPU
		{6FEAE247-B4EB-4EF8-BBB3-AC471A201761}.Debug|x86.ActiveCfg = Debug|Any CPU
		{6FEAE247-B4EB-4EF8-BBB3-AC471A201761}.Debug|x86.Build.0 = Debug|Any CPU
		{6FEAE247-B4EB-4EF8-BBB3-AC471A201761}.Release|Any CPU.ActiveCfg = Release|Any CPU
		{6FEAE247-B4EB-4EF8-BBB3-AC471A201761}.Release|Any CPU.Build.0 = Release|Any CPU
		{6FEAE247-B4EB-4EF8-BBB3-AC471A201761}.Release|x64.ActiveCfg = Release|Any CPU
		{6FEAE247-B4EB-4EF8-BBB3-AC471A201761}.Release|x64.Build.0 = Release|Any CPU
		{6FEAE247-B4EB-4EF8-BBB3-AC471A201761}.Release|x86.ActiveCfg = Release|Any CPU
		{6FEAE247-B4EB-4EF8-BBB3-AC471A201761}.Release|x86.Build.0 = Release|Any CPU
	EndGlobalSection
	GlobalSection(SolutionProperties) = preSolution
		HideSolutionNode = FALSE
	EndGlobalSection
EndGlobal
